
Microsoft Visual Studio Solution File, Format Version 12.00
# Visual Studio Version 16
VisualStudioVersion = 16.0.30523.141
MinimumVisualStudioVersion = 10.0.40219.1
Project("{FAE04EC0-301F-11D3-BF4B-00C04F79EFBC}") = "TestConsumeAPI", "TestConsumeAPI\TestConsumeAPI.csproj", "{A335C450-B8D8-4A2A-AF32-30790E646A39}"
EndProject
Global
	GlobalSection(SolutionConfigurationPlatforms) = preSolution
		Debug|Any CPU = Debug|Any CPU
		Release|Any CPU = Release|Any CPU
	EndGlobalSection
	GlobalSection(ProjectConfigurationPlatforms) = postSolution
		{A335C450-B8D8-4A2A-AF32-30790E646A39}.Debug|Any CPU.ActiveCfg = Debug|Any CPU
		{A335C450-B8D8-4A2A-AF32-30790E646A39}.Debug|Any CPU.Build.0 = Debug|Any CPU
		{A335C450-B8D8-4A2A-AF32-30790E646A39}.Release|Any CPU.ActiveCfg = Release|Any CPU
		{A335C450-B8D8-4A2A-AF32-30790E646A39}.Release|Any CPU.Build.0 = Release|Any CPU
	EndGlobalSection
	GlobalSection(SolutionProperties) = preSolution
		HideSolutionNode = FALSE
	EndGlobalSection
	GlobalSection(ExtensibilityGlobals) = postSolution
		SolutionGuid = {AF11A9F1-6F4C-41CA-BEEB-B647CB061F93}
	EndGlobalSection
EndGlobal
